
Microsoft Visual Studio Solution File, Format Version 12.00
# Visual Studio Version 17
VisualStudioVersion = 17.1.32228.430
MinimumVisualStudioVersion = 10.0.40219.1
Project("{FAE04EC0-301F-11D3-BF4B-00C04F79EFBC}") = "sekretar", "sekretar\sekretar.csproj", "{B48B8146-AF2F-4FEA-A6E5-22394E5188A6}"
EndProject
Global
	GlobalSection(SolutionConfigurationPlatforms) = preSolution
		Debug|Any CPU = Debug|Any CPU
		Release|Any CPU = Release|Any CPU
	EndGlobalSection
	GlobalSection(ProjectConfigurationPlatforms) = postSolution
		{B48B8146-AF2F-4FEA-A6E5-22394E5188A6}.Debug|Any CPU.ActiveCfg = Debug|Any CPU
		{B48B8146-AF2F-4FEA-A6E5-22394E5188A6}.Debug|Any CPU.Build.0 = Debug|Any CPU
		{B48B8146-AF2F-4FEA-A6E5-22394E5188A6}.Release|Any CPU.ActiveCfg = Release|Any CPU
		{B48B8146-AF2F-4FEA-A6E5-22394E5188A6}.Release|Any CPU.Build.0 = Release|Any CPU
	EndGlobalSection
	GlobalSection(SolutionProperties) = preSolution
		HideSolutionNode = FALSE
	EndGlobalSection
	GlobalSection(ExtensibilityGlobals) = postSolution
		SolutionGuid = {E782D0D7-AD91-4908-B697-D81420912D8D}
	EndGlobalSection
EndGlobal
